
Microsoft Visual Studio Solution File, Format Version 12.00
# Visual Studio 15
VisualStudioVersion = 15.0.28307.1209
MinimumVisualStudioVersion = 10.0.40219.1
Project("{888888A0-9F3D-457C-B088-3A5042F75D52}") = "dentist", "dentist\dentist.pyproj", "{0954BBD6-DD12-4B3F-90FA-5B0871C9CBBD}"
EndProject
Global
	GlobalSection(SolutionConfigurationPlatforms) = preSolution
		Debug|Any CPU = Debug|Any CPU
		Release|Any CPU = Release|Any CPU
	EndGlobalSection
	GlobalSection(ProjectConfigurationPlatforms) = postSolution
		{0954BBD6-DD12-4B3F-90FA-5B0871C9CBBD}.Debug|Any CPU.ActiveCfg = Debug|Any CPU
		{0954BBD6-DD12-4B3F-90FA-5B0871C9CBBD}.Debug|Any CPU.Build.0 = Debug|Any CPU
		{0954BBD6-DD12-4B3F-90FA-5B0871C9CBBD}.Release|Any CPU.ActiveCfg = Release|Any CPU
		{0954BBD6-DD12-4B3F-90FA-5B0871C9CBBD}.Release|Any CPU.Build.0 = Release|Any CPU
	EndGlobalSection
	GlobalSection(SolutionProperties) = preSolution
		HideSolutionNode = FALSE
	EndGlobalSection
	GlobalSection(ExtensibilityGlobals) = postSolution
		SolutionGuid = {08C68E42-071C-4E62-A047-3E077FE4651F}
	EndGlobalSection
EndGlobal
